// !$*UTF8*$!
{
	archiveVersion = 1;
	classes = {
	};
	objectVersion = 46;
	objects = {

/* Begin PBXBuildFile section */
		4360A64323E6C30D003920A1 /* HealthKit.framework in Frameworks */ = {isa = PBXBuildFile; fileRef = 4360A64223E6C30D003920A1 /* HealthKit.framework */; };
		438257861C1A6F5F00A3DA24 /* main.m in Sources */ = {isa = PBXBuildFile; fileRef = 438257851C1A6F5F00A3DA24 /* main.m */; };
		438257891C1A6F5F00A3DA24 /* AppDelegate.m in Sources */ = {isa = PBXBuildFile; fileRef = 438257881C1A6F5F00A3DA24 /* AppDelegate.m */; };
		4382578C1C1A6F5F00A3DA24 /* ViewController.m in Sources */ = {isa = PBXBuildFile; fileRef = 4382578B1C1A6F5F00A3DA24 /* ViewController.m */; };
		4382578F1C1A6F5F00A3DA24 /* Main.storyboard in Resources */ = {isa = PBXBuildFile; fileRef = 4382578D1C1A6F5F00A3DA24 /* Main.storyboard */; };
		438257911C1A6F5F00A3DA24 /* Assets.xcassets in Resources */ = {isa = PBXBuildFile; fileRef = 438257901C1A6F5F00A3DA24 /* Assets.xcassets */; };
		438257941C1A6F5F00A3DA24 /* LaunchScreen.storyboard in Resources */ = {isa = PBXBuildFile; fileRef = 438257921C1A6F5F00A3DA24 /* LaunchScreen.storyboard */; };
		4382579F1C1A6F5F00A3DA24 /* CJLabelTestTests.m in Sources */ = {isa = PBXBuildFile; fileRef = 4382579E1C1A6F5F00A3DA24 /* CJLabelTestTests.m */; };
		438257AA1C1A6F5F00A3DA24 /* CJLabelTestUITests.m in Sources */ = {isa = PBXBuildFile; fileRef = 438257A91C1A6F5F00A3DA24 /* CJLabelTestUITests.m */; };
		43C1652E25C92B1B00EAA38B /* CJLabel+UIMenu.m in Sources */ = {isa = PBXBuildFile; fileRef = 43C1652D25C92B1B00EAA38B /* CJLabel+UIMenu.m */; };
		B40ACCA71EB30CF3006DB787 /* AttributedTableViewCell.m in Sources */ = {isa = PBXBuildFile; fileRef = B40ACCA41EB30CF3006DB787 /* AttributedTableViewCell.m */; };
		B40ACCA81EB30CF3006DB787 /* AttributedTableViewCell.xib in Resources */ = {isa = PBXBuildFile; fileRef = B40ACCA51EB30CF3006DB787 /* AttributedTableViewCell.xib */; };
		B431D5321D0545E700228988 /* CJLabel.m in Sources */ = {isa = PBXBuildFile; fileRef = B431D52E1D0545E700228988 /* CJLabel.m */; };
		B45AC7ED1F8A7181006B5336 /* CJLabelConfigure.m in Sources */ = {isa = PBXBuildFile; fileRef = B45AC7EC1F8A7181006B5336 /* CJLabelConfigure.m */; };
		B483EC891FBAC7AD000FCE06 /* FirstDetailViewController.m in Sources */ = {isa = PBXBuildFile; fileRef = B483EC861FBAC7AD000FCE06 /* FirstDetailViewController.m */; };
		B483EC8A1FBAC7AD000FCE06 /* FirstDetailViewController.xib in Resources */ = {isa = PBXBuildFile; fileRef = B483EC881FBAC7AD000FCE06 /* FirstDetailViewController.xib */; };
		B4928B9F1FB4003D0017A25C /* Example.json in Resources */ = {isa = PBXBuildFile; fileRef = B4928B9E1FB4003D0017A25C /* Example.json */; };
		B4C8931B1EB881EA00AC9E42 /* SecondDetailViewController.m in Sources */ = {isa = PBXBuildFile; fileRef = B4C893191EB881EA00AC9E42 /* SecondDetailViewController.m */; };
		B4C8931C1EB881EA00AC9E42 /* SecondDetailViewController.xib in Resources */ = {isa = PBXBuildFile; fileRef = B4C8931A1EB881EA00AC9E42 /* SecondDetailViewController.xib */; };
/* End PBXBuildFile section */

/* Begin PBXContainerItemProxy section */
		4382579B1C1A6F5F00A3DA24 /* PBXContainerItemProxy */ = {
			isa = PBXContainerItemProxy;
			containerPortal = 438257791C1A6F5F00A3DA24 /* Project object */;
			proxyType = 1;
			remoteGlobalIDString = 438257801C1A6F5F00A3DA24;
			remoteInfo = CJLabelTest;
		};
		438257A61C1A6F5F00A3DA24 /* PBXContainerItemProxy */ = {
			isa = PBXContainerItemProxy;
			containerPortal = 438257791C1A6F5F00A3DA24 /* Project object */;
			proxyType = 1;
			remoteGlobalIDString = 438257801C1A6F5F00A3DA24;
			remoteInfo = CJLabelTest;
		};
/* End PBXContainerItemProxy section */

/* Begin PBXCopyFilesBuildPhase section */
		E7D4B2B723B2248E00F2E528 /* Embed Frameworks */ = {
			isa = PBXCopyFilesBuildPhase;
			buildActionMask = 2147483647;
			dstPath = "";
			dstSubfolderSpec = 10;
			files = (
			);
			name = "Embed Frameworks";
			runOnlyForDeploymentPostprocessing = 0;
		};
/* End PBXCopyFilesBuildPhase section */

/* Begin PBXFileReference section */
		4360A64223E6C30D003920A1 /* HealthKit.framework */ = {isa = PBXFileReference; lastKnownFileType = wrapper.framework; name = HealthKit.framework; path = System/Library/Frameworks/HealthKit.framework; sourceTree = SDKROOT; };
		438257811C1A6F5F00A3DA24 /* CJLabelTest.app */ = {isa = PBXFileReference; explicitFileType = wrapper.application; includeInIndex = 0; path = CJLabelTest.app; sourceTree = BUILT_PRODUCTS_DIR; };
		438257851C1A6F5F00A3DA24 /* main.m */ = {isa = PBXFileReference; lastKnownFileType = sourcecode.c.objc; path = main.m; sourceTree = "<group>"; };
		438257871C1A6F5F00A3DA24 /* AppDelegate.h */ = {isa = PBXFileReference; lastKnownFileType = sourcecode.c.h; path = AppDelegate.h; sourceTree = "<group>"; };
		438257881C1A6F5F00A3DA24 /* AppDelegate.m */ = {isa = PBXFileReference; lastKnownFileType = sourcecode.c.objc; path = AppDelegate.m; sourceTree = "<group>"; };
		4382578A1C1A6F5F00A3DA24 /* ViewController.h */ = {isa = PBXFileReference; lastKnownFileType = sourcecode.c.h; name = ViewController.h; path = ../Example/CJLabelTest/ViewController.h; sourceTree = "<group>"; };
		4382578B1C1A6F5F00A3DA24 /* ViewController.m */ = {isa = PBXFileReference; lastKnownFileType = sourcecode.c.objc; name = ViewController.m; path = ../Example/CJLabelTest/ViewController.m; sourceTree = "<group>"; };
		4382578E1C1A6F5F00A3DA24 /* Base */ = {isa = PBXFileReference; lastKnownFileType = file.storyboard; name = Base; path = Base.lproj/Main.storyboard; sourceTree = "<group>"; };
		438257901C1A6F5F00A3DA24 /* Assets.xcassets */ = {isa = PBXFileReference; lastKnownFileType = folder.assetcatalog; path = Assets.xcassets; sourceTree = "<group>"; };
		438257931C1A6F5F00A3DA24 /* Base */ = {isa = PBXFileReference; lastKnownFileType = file.storyboard; name = Base; path = Base.lproj/LaunchScreen.storyboard; sourceTree = "<group>"; };
		438257951C1A6F5F00A3DA24 /* Info.plist */ = {isa = PBXFileReference; lastKnownFileType = text.plist.xml; path = Info.plist; sourceTree = "<group>"; };
		4382579A1C1A6F5F00A3DA24 /* CJLabelTestTests.xctest */ = {isa = PBXFileReference; explicitFileType = wrapper.cfbundle; includeInIndex = 0; path = CJLabelTestTests.xctest; sourceTree = BUILT_PRODUCTS_DIR; };
		4382579E1C1A6F5F00A3DA24 /* CJLabelTestTests.m */ = {isa = PBXFileReference; lastKnownFileType = sourcecode.c.objc; path = CJLabelTestTests.m; sourceTree = "<group>"; };
		438257A01C1A6F5F00A3DA24 /* Info.plist */ = {isa = PBXFileReference; lastKnownFileType = text.plist.xml; path = Info.plist; sourceTree = "<group>"; };
		438257A51C1A6F5F00A3DA24 /* CJLabelTestUITests.xctest */ = {isa = PBXFileReference; explicitFileType = wrapper.cfbundle; includeInIndex = 0; path = CJLabelTestUITests.xctest; sourceTree = BUILT_PRODUCTS_DIR; };
		438257A91C1A6F5F00A3DA24 /* CJLabelTestUITests.m */ = {isa = PBXFileReference; lastKnownFileType = sourcecode.c.objc; path = CJLabelTestUITests.m; sourceTree = "<group>"; };
		438257AB1C1A6F5F00A3DA24 /* Info.plist */ = {isa = PBXFileReference; lastKnownFileType = text.plist.xml; path = Info.plist; sourceTree = "<group>"; };
		4396AC9E23E6C3B800836CE2 /* CJLabelTest.entitlements */ = {isa = PBXFileReference; fileEncoding = 4; lastKnownFileType = text.plist.entitlements; name = CJLabelTest.entitlements; path = ../../../../../../.Trash/CJLabelTest.entitlements; sourceTree = "<group>"; };
		43C1652C25C92B1B00EAA38B /* CJLabel+UIMenu.h */ = {isa = PBXFileReference; fileEncoding = 4; lastKnownFileType = sourcecode.c.h; path = "CJLabel+UIMenu.h"; sourceTree = "<group>"; };
		43C1652D25C92B1B00EAA38B /* CJLabel+UIMenu.m */ = {isa = PBXFileReference; fileEncoding = 4; lastKnownFileType = sourcecode.c.objc; path = "CJLabel+UIMenu.m"; sourceTree = "<group>"; };
		B40ACCA31EB30CF3006DB787 /* AttributedTableViewCell.h */ = {isa = PBXFileReference; fileEncoding = 4; lastKnownFileType = sourcecode.c.h; path = AttributedTableViewCell.h; sourceTree = "<group>"; };
		B40ACCA41EB30CF3006DB787 /* AttributedTableViewCell.m */ = {isa = PBXFileReference; fileEncoding = 4; lastKnownFileType = sourcecode.c.objc; path = AttributedTableViewCell.m; sourceTree = "<group>"; };
		B40ACCA51EB30CF3006DB787 /* AttributedTableViewCell.xib */ = {isa = PBXFileReference; fileEncoding = 4; lastKnownFileType = file.xib; path = AttributedTableViewCell.xib; sourceTree = "<group>"; };
		B431D52D1D0545E700228988 /* CJLabel.h */ = {isa = PBXFileReference; fileEncoding = 4; lastKnownFileType = sourcecode.c.h; path = CJLabel.h; sourceTree = "<group>"; };
		B431D52E1D0545E700228988 /* CJLabel.m */ = {isa = PBXFileReference; fileEncoding = 4; lastKnownFileType = sourcecode.c.objc; path = CJLabel.m; sourceTree = "<group>"; };
		B45AC7EB1F8A7181006B5336 /* CJLabelConfigure.h */ = {isa = PBXFileReference; lastKnownFileType = sourcecode.c.h; path = CJLabelConfigure.h; sourceTree = "<group>"; };
		B45AC7EC1F8A7181006B5336 /* CJLabelConfigure.m */ = {isa = PBXFileReference; lastKnownFileType = sourcecode.c.objc; path = CJLabelConfigure.m; sourceTree = "<group>"; };
		B483EC861FBAC7AD000FCE06 /* FirstDetailViewController.m */ = {isa = PBXFileReference; fileEncoding = 4; lastKnownFileType = sourcecode.c.objc; name = FirstDetailViewController.m; path = CJLabelTest/FirstDetailViewController.m; sourceTree = SOURCE_ROOT; };
		B483EC871FBAC7AD000FCE06 /* FirstDetailViewController.h */ = {isa = PBXFileReference; fileEncoding = 4; lastKnownFileType = sourcecode.c.h; name = FirstDetailViewController.h; path = CJLabelTest/FirstDetailViewController.h; sourceTree = SOURCE_ROOT; };
		B483EC881FBAC7AD000FCE06 /* FirstDetailViewController.xib */ = {isa = PBXFileReference; fileEncoding = 4; lastKnownFileType = file.xib; name = FirstDetailViewController.xib; path = CJLabelTest/FirstDetailViewController.xib; sourceTree = SOURCE_ROOT; };
		B4928B9E1FB4003D0017A25C /* Example.json */ = {isa = PBXFileReference; fileEncoding = 4; lastKnownFileType = text.json; path = Example.json; sourceTree = "<group>"; };
		B4928BA51FB447920017A25C /* Common.h */ = {isa = PBXFileReference; lastKnownFileType = sourcecode.c.h; path = Common.h; sourceTree = "<group>"; };
		B4C893181EB881EA00AC9E42 /* SecondDetailViewController.h */ = {isa = PBXFileReference; fileEncoding = 4; lastKnownFileType = sourcecode.c.h; name = SecondDetailViewController.h; path = CJLabelTest/SecondDetailViewController.h; sourceTree = SOURCE_ROOT; };
		B4C893191EB881EA00AC9E42 /* SecondDetailViewController.m */ = {isa = PBXFileReference; fileEncoding = 4; lastKnownFileType = sourcecode.c.objc; name = SecondDetailViewController.m; path = CJLabelTest/SecondDetailViewController.m; sourceTree = SOURCE_ROOT; };
		B4C8931A1EB881EA00AC9E42 /* SecondDetailViewController.xib */ = {isa = PBXFileReference; fileEncoding = 4; lastKnownFileType = file.xib; name = SecondDetailViewController.xib; path = CJLabelTest/SecondDetailViewController.xib; sourceTree = SOURCE_ROOT; };
/* End PBXFileReference section */

/* Begin PBXFrameworksBuildPhase section */
		4382577E1C1A6F5F00A3DA24 /* Frameworks */ = {
			isa = PBXFrameworksBuildPhase;
			buildActionMask = 2147483647;
			files = (
				4360A64323E6C30D003920A1 /* HealthKit.framework in Frameworks */,
			);
			runOnlyForDeploymentPostprocessing = 0;
		};
		438257971C1A6F5F00A3DA24 /* Frameworks */ = {
			isa = PBXFrameworksBuildPhase;
			buildActionMask = 2147483647;
			files = (
			);
			runOnlyForDeploymentPostprocessing = 0;
		};
		438257A21C1A6F5F00A3DA24 /* Frameworks */ = {
			isa = PBXFrameworksBuildPhase;
			buildActionMask = 2147483647;
			files = (
			);
			runOnlyForDeploymentPostprocessing = 0;
		};
/* End PBXFrameworksBuildPhase section */

/* Begin PBXGroup section */
		4360A64123E6C30D003920A1 /* Frameworks */ = {
			isa = PBXGroup;
			children = (
				4360A64223E6C30D003920A1 /* HealthKit.framework */,
			);
			name = Frameworks;
			sourceTree = "<group>";
		};
		438257781C1A6F5F00A3DA24 = {
			isa = PBXGroup;
			children = (
				438257831C1A6F5F00A3DA24 /* CJLabelTest */,
				4382579D1C1A6F5F00A3DA24 /* CJLabelTestTests */,
				438257A81C1A6F5F00A3DA24 /* CJLabelTestUITests */,
				438257821C1A6F5F00A3DA24 /* Products */,
				4360A64123E6C30D003920A1 /* Frameworks */,
			);
			sourceTree = "<group>";
		};
		438257821C1A6F5F00A3DA24 /* Products */ = {
			isa = PBXGroup;
			children = (
				438257811C1A6F5F00A3DA24 /* CJLabelTest.app */,
				4382579A1C1A6F5F00A3DA24 /* CJLabelTestTests.xctest */,
				438257A51C1A6F5F00A3DA24 /* CJLabelTestUITests.xctest */,
			);
			name = Products;
			sourceTree = "<group>";
		};
		438257831C1A6F5F00A3DA24 /* CJLabelTest */ = {
			isa = PBXGroup;
			children = (
				4396AC9E23E6C3B800836CE2 /* CJLabelTest.entitlements */,
				B431D52C1D0545E700228988 /* CJLabel */,
				438257871C1A6F5F00A3DA24 /* AppDelegate.h */,
				438257881C1A6F5F00A3DA24 /* AppDelegate.m */,
				B40ACCAB1EB30D8F006DB787 /* Controllers */,
				B40ACCAA1EB30D6A006DB787 /* Views */,
				438257901C1A6F5F00A3DA24 /* Assets.xcassets */,
				438257841C1A6F5F00A3DA24 /* Supporting Files */,
			);
			path = CJLabelTest;
			sourceTree = "<group>";
		};
		438257841C1A6F5F00A3DA24 /* Supporting Files */ = {
			isa = PBXGroup;
			children = (
				B4928B9E1FB4003D0017A25C /* Example.json */,
				B4928BA51FB447920017A25C /* Common.h */,
				4382578D1C1A6F5F00A3DA24 /* Main.storyboard */,
				438257921C1A6F5F00A3DA24 /* LaunchScreen.storyboard */,
				438257951C1A6F5F00A3DA24 /* Info.plist */,
				438257851C1A6F5F00A3DA24 /* main.m */,
			);
			name = "Supporting Files";
			sourceTree = "<group>";
		};
		4382579D1C1A6F5F00A3DA24 /* CJLabelTestTests */ = {
			isa = PBXGroup;
			children = (
				4382579E1C1A6F5F00A3DA24 /* CJLabelTestTests.m */,
				438257A01C1A6F5F00A3DA24 /* Info.plist */,
			);
			path = CJLabelTestTests;
			sourceTree = "<group>";
		};
		438257A81C1A6F5F00A3DA24 /* CJLabelTestUITests */ = {
			isa = PBXGroup;
			children = (
				438257A91C1A6F5F00A3DA24 /* CJLabelTestUITests.m */,
				438257AB1C1A6F5F00A3DA24 /* Info.plist */,
			);
			path = CJLabelTestUITests;
			sourceTree = "<group>";
		};
		B40ACCAA1EB30D6A006DB787 /* Views */ = {
			isa = PBXGroup;
			children = (
				B40ACCA31EB30CF3006DB787 /* AttributedTableViewCell.h */,
				B40ACCA41EB30CF3006DB787 /* AttributedTableViewCell.m */,
				B40ACCA51EB30CF3006DB787 /* AttributedTableViewCell.xib */,
			);
			name = Views;
			sourceTree = "<group>";
		};
		B40ACCAB1EB30D8F006DB787 /* Controllers */ = {
			isa = PBXGroup;
			children = (
				B483EC871FBAC7AD000FCE06 /* FirstDetailViewController.h */,
				B483EC861FBAC7AD000FCE06 /* FirstDetailViewController.m */,
				B483EC881FBAC7AD000FCE06 /* FirstDetailViewController.xib */,
				4382578A1C1A6F5F00A3DA24 /* ViewController.h */,
				4382578B1C1A6F5F00A3DA24 /* ViewController.m */,
				B4C893181EB881EA00AC9E42 /* SecondDetailViewController.h */,
				B4C893191EB881EA00AC9E42 /* SecondDetailViewController.m */,
				B4C8931A1EB881EA00AC9E42 /* SecondDetailViewController.xib */,
			);
			name = Controllers;
			path = ../../CJLabel;
			sourceTree = "<group>";
		};
		B431D52C1D0545E700228988 /* CJLabel */ = {
			isa = PBXGroup;
			children = (
				B431D52D1D0545E700228988 /* CJLabel.h */,
				B431D52E1D0545E700228988 /* CJLabel.m */,
				43C1652C25C92B1B00EAA38B /* CJLabel+UIMenu.h */,
				43C1652D25C92B1B00EAA38B /* CJLabel+UIMenu.m */,
				B45AC7EB1F8A7181006B5336 /* CJLabelConfigure.h */,
				B45AC7EC1F8A7181006B5336 /* CJLabelConfigure.m */,
			);
			name = CJLabel;
			path = ../../CJLabel;
			sourceTree = "<group>";
		};
/* End PBXGroup section */

/* Begin PBXNativeTarget section */
		438257801C1A6F5F00A3DA24 /* CJLabelTest */ = {
			isa = PBXNativeTarget;
			buildConfigurationList = 438257AE1C1A6F5F00A3DA24 /* Build configuration list for PBXNativeTarget "CJLabelTest" */;
			buildPhases = (
				4382577D1C1A6F5F00A3DA24 /* Sources */,
				4382577E1C1A6F5F00A3DA24 /* Frameworks */,
				4382577F1C1A6F5F00A3DA24 /* Resources */,
				E7D4B2B723B2248E00F2E528 /* Embed Frameworks */,
			);
			buildRules = (
			);
			dependencies = (
			);
			name = CJLabelTest;
			productName = CJLabelTest;
			productReference = 438257811C1A6F5F00A3DA24 /* CJLabelTest.app */;
			productType = "com.apple.product-type.application";
		};
		438257991C1A6F5F00A3DA24 /* CJLabelTestTests */ = {
			isa = PBXNativeTarget;
			buildConfigurationList = 438257B11C1A6F5F00A3DA24 /* Build configuration list for PBXNativeTarget "CJLabelTestTests" */;
			buildPhases = (
				438257961C1A6F5F00A3DA24 /* Sources */,
				438257971C1A6F5F00A3DA24 /* Frameworks */,
				438257981C1A6F5F00A3DA24 /* Resources */,
			);
			buildRules = (
			);
			dependencies = (
				4382579C1C1A6F5F00A3DA24 /* PBXTargetDependency */,
			);
			name = CJLabelTestTests;
			productName = CJLabelTestTests;
			productReference = 4382579A1C1A6F5F00A3DA24 /* CJLabelTestTests.xctest */;
			productType = "com.apple.product-type.bundle.unit-test";
		};
		438257A41C1A6F5F00A3DA24 /* CJLabelTestUITests */ = {
			isa = PBXNativeTarget;
			buildConfigurationList = 438257B41C1A6F5F00A3DA24 /* Build configuration list for PBXNativeTarget "CJLabelTestUITests" */;
			buildPhases = (
				438257A11C1A6F5F00A3DA24 /* Sources */,
				438257A21C1A6F5F00A3DA24 /* Frameworks */,
				438257A31C1A6F5F00A3DA24 /* Resources */,
			);
			buildRules = (
			);
			dependencies = (
				438257A71C1A6F5F00A3DA24 /* PBXTargetDependency */,
			);
			name = CJLabelTestUITests;
			productName = CJLabelTestUITests;
			productReference = 438257A51C1A6F5F00A3DA24 /* CJLabelTestUITests.xctest */;
			productType = "com.apple.product-type.bundle.ui-testing";
		};
/* End PBXNativeTarget section */

/* Begin PBXProject section */
		438257791C1A6F5F00A3DA24 /* Project object */ = {
			isa = PBXProject;
			attributes = {
				LastUpgradeCheck = 0900;
				ORGANIZATIONNAME = C.K.Lian;
				TargetAttributes = {
					438257801C1A6F5F00A3DA24 = {
						CreatedOnToolsVersion = 7.0;
						DevelopmentTeam = 2G9KQAD4K5;
						ProvisioningStyle = Automatic;
					};
					438257991C1A6F5F00A3DA24 = {
						CreatedOnToolsVersion = 7.0;
						TestTargetID = 438257801C1A6F5F00A3DA24;
					};
					438257A41C1A6F5F00A3DA24 = {
						CreatedOnToolsVersion = 7.0;
						TestTargetID = 438257801C1A6F5F00A3DA24;
					};
				};
			};
			buildConfigurationList = 4382577C1C1A6F5F00A3DA24 /* Build configuration list for PBXProject "CJLabelTest" */;
			compatibilityVersion = "Xcode 3.2";
			developmentRegion = English;
			hasScannedForEncodings = 0;
			knownRegions = (
				English,
				en,
				Base,
			);
			mainGroup = 438257781C1A6F5F00A3DA24;
			productRefGroup = 438257821C1A6F5F00A3DA24 /* Products */;
			projectDirPath = "";
			projectRoot = "";
			targets = (
				438257801C1A6F5F00A3DA24 /* CJLabelTest */,
				438257991C1A6F5F00A3DA24 /* CJLabelTestTests */,
				438257A41C1A6F5F00A3DA24 /* CJLabelTestUITests */,
			);
		};
/* End PBXProject section */

/* Begin PBXResourcesBuildPhase section */
		4382577F1C1A6F5F00A3DA24 /* Resources */ = {
			isa = PBXResourcesBuildPhase;
			buildActionMask = 2147483647;
			files = (
				B483EC8A1FBAC7AD000FCE06 /* FirstDetailViewController.xib in Resources */,
				438257941C1A6F5F00A3DA24 /* LaunchScreen.storyboard in Resources */,
				B4C8931C1EB881EA00AC9E42 /* SecondDetailViewController.xib in Resources */,
				438257911C1A6F5F00A3DA24 /* Assets.xcassets in Resources */,
				B4928B9F1FB4003D0017A25C /* Example.json in Resources */,
				4382578F1C1A6F5F00A3DA24 /* Main.storyboard in Resources */,
				B40ACCA81EB30CF3006DB787 /* AttributedTableViewCell.xib in Resources */,
			);
			runOnlyForDeploymentPostprocessing = 0;
		};
		438257981C1A6F5F00A3DA24 /* Resources */ = {
			isa = PBXResourcesBuildPhase;
			buildActionMask = 2147483647;
			files = (
			);
			runOnlyForDeploymentPostprocessing = 0;
		};
		438257A31C1A6F5F00A3DA24 /* Resources */ = {
			isa = PBXResourcesBuildPhase;
			buildActionMask = 2147483647;
			files = (
			);
			runOnlyForDeploymentPostprocessing = 0;
		};
/* End PBXResourcesBuildPhase section */

/* Begin PBXSourcesBuildPhase section */
		4382577D1C1A6F5F00A3DA24 /* Sources */ = {
			isa = PBXSourcesBuildPhase;
			buildActionMask = 2147483647;
			files = (
				43C1652E25C92B1B00EAA38B /* CJLabel+UIMenu.m in Sources */,
				B483EC891FBAC7AD000FCE06 /* FirstDetailViewController.m in Sources */,
				4382578C1C1A6F5F00A3DA24 /* ViewController.m in Sources */,
				B40ACCA71EB30CF3006DB787 /* AttributedTableViewCell.m in Sources */,
				B431D5321D0545E700228988 /* CJLabel.m in Sources */,
				B4C8931B1EB881EA00AC9E42 /* SecondDetailViewController.m in Sources */,
				B45AC7ED1F8A7181006B5336 /* CJLabelConfigure.m in Sources */,
				438257891C1A6F5F00A3DA24 /* AppDelegate.m in Sources */,
				438257861C1A6F5F00A3DA24 /* main.m in Sources */,
			);
			runOnlyForDeploymentPostprocessing = 0;
		};
		438257961C1A6F5F00A3DA24 /* Sources */ = {
			isa = PBXSourcesBuildPhase;
			buildActionMask = 2147483647;
			files = (
				4382579F1C1A6F5F00A3DA24 /* CJLabelTestTests.m in Sources */,
			);
			runOnlyForDeploymentPostprocessing = 0;
		};
		438257A11C1A6F5F00A3DA24 /* Sources */ = {
			isa = PBXSourcesBuildPhase;
			buildActionMask = 2147483647;
			files = (
				438257AA1C1A6F5F00A3DA24 /* CJLabelTestUITests.m in Sources */,
			);
			runOnlyForDeploymentPostprocessing = 0;
		};
/* End PBXSourcesBuildPhase section */

/* Begin PBXTargetDependency section */
		4382579C1C1A6F5F00A3DA24 /* PBXTargetDependency */ = {
			isa = PBXTargetDependency;
			target = 438257801C1A6F5F00A3DA24 /* CJLabelTest */;
			targetProxy = 4382579B1C1A6F5F00A3DA24 /* PBXContainerItemProxy */;
		};
		438257A71C1A6F5F00A3DA24 /* PBXTargetDependency */ = {
			isa = PBXTargetDependency;
			target = 438257801C1A6F5F00A3DA24 /* CJLabelTest */;
			targetProxy = 438257A61C1A6F5F00A3DA24 /* PBXContainerItemProxy */;
		};
/* End PBXTargetDependency section */

/* Begin PBXVariantGroup section */
		4382578D1C1A6F5F00A3DA24 /* Main.storyboard */ = {
			isa = PBXVariantGroup;
			children = (
				4382578E1C1A6F5F00A3DA24 /* Base */,
			);
			name = Main.storyboard;
			sourceTree = "<group>";
		};
		438257921C1A6F5F00A3DA24 /* LaunchScreen.storyboard */ = {
			isa = PBXVariantGroup;
			children = (
				438257931C1A6F5F00A3DA24 /* Base */,
			);
			name = LaunchScreen.storyboard;
			sourceTree = "<group>";
		};
/* End PBXVariantGroup section */

/* Begin XCBuildConfiguration section */
		438257AC1C1A6F5F00A3DA24 /* Debug */ = {
			isa = XCBuildConfiguration;
			buildSettings = {
				ALWAYS_SEARCH_USER_PATHS = NO;
				CLANG_CXX_LANGUAGE_STANDARD = "gnu++0x";
				CLANG_CXX_LIBRARY = "libc++";
				CLANG_ENABLE_MODULES = YES;
				CLANG_ENABLE_OBJC_ARC = YES;
				CLANG_WARN_BLOCK_CAPTURE_AUTORELEASING = YES;
				CLANG_WARN_BOOL_CONVERSION = YES;
				CLANG_WARN_COMMA = YES;
				CLANG_WARN_CONSTANT_CONVERSION = YES;
				CLANG_WARN_DIRECT_OBJC_ISA_USAGE = YES_ERROR;
				CLANG_WARN_EMPTY_BODY = YES;
				CLANG_WARN_ENUM_CONVERSION = YES;
				CLANG_WARN_INFINITE_RECURSION = YES;
				CLANG_WARN_INT_CONVERSION = YES;
				CLANG_WARN_NON_LITERAL_NULL_CONVERSION = YES;
				CLANG_WARN_OBJC_LITERAL_CONVERSION = YES;
				CLANG_WARN_OBJC_ROOT_CLASS = YES_ERROR;
				CLANG_WARN_RANGE_LOOP_ANALYSIS = YES;
				CLANG_WARN_STRICT_PROTOTYPES = YES;
				CLANG_WARN_SUSPICIOUS_MOVE = YES;
				CLANG_WARN_UNREACHABLE_CODE = YES;
				CLANG_WARN__DUPLICATE_METHOD_MATCH = YES;
				"CODE_SIGN_IDENTITY[sdk=iphoneos*]" = "iPhone Developer";
				COPY_PHASE_STRIP = NO;
				DEBUG_INFORMATION_FORMAT = dwarf;
				ENABLE_STRICT_OBJC_MSGSEND = YES;
				ENABLE_TESTABILITY = YES;
				GCC_C_LANGUAGE_STANDARD = gnu99;
				GCC_DYNAMIC_NO_PIC = NO;
				GCC_NO_COMMON_BLOCKS = YES;
				GCC_OPTIMIZATION_LEVEL = 0;
				GCC_PREPROCESSOR_DEFINITIONS = (
					"DEBUG=1",
					"$(inherited)",
				);
				GCC_WARN_64_TO_32_BIT_CONVERSION = YES;
				GCC_WARN_ABOUT_RETURN_TYPE = YES_ERROR;
				GCC_WARN_UNDECLARED_SELECTOR = YES;
				GCC_WARN_UNINITIALIZED_AUTOS = YES_AGGRESSIVE;
				GCC_WARN_UNUSED_FUNCTION = YES;
				GCC_WARN_UNUSED_VARIABLE = YES;
				IPHONEOS_DEPLOYMENT_TARGET = 9.0;
				MTL_ENABLE_DEBUG_INFO = YES;
				ONLY_ACTIVE_ARCH = YES;
				SDKROOT = iphoneos;
				TARGETED_DEVICE_FAMILY = "1,2";
			};
			name = Debug;
		};
		438257AD1C1A6F5F00A3DA24 /* Release */ = {
			isa = XCBuildConfiguration;
			buildSettings = {
				ALWAYS_SEARCH_USER_PATHS = NO;
				CLANG_CXX_LANGUAGE_STANDARD = "gnu++0x";
				CLANG_CXX_LIBRARY = "libc++";
				CLANG_ENABLE_MODULES = YES;
				CLANG_ENABLE_OBJC_ARC = YES;
				CLANG_WARN_BLOCK_CAPTURE_AUTORELEASING = YES;
				CLANG_WARN_BOOL_CONVERSION = YES;
				CLANG_WARN_COMMA = YES;
				CLANG_WARN_CONSTANT_CONVERSION = YES;
				CLANG_WARN_DIRECT_OBJC_ISA_USAGE = YES_ERROR;
				CLANG_WARN_EMPTY_BODY = YES;
				CLANG_WARN_ENUM_CONVERSION = YES;
				CLANG_WARN_INFINITE_RECURSION = YES;
				CLANG_WARN_INT_CONVERSION = YES;
				CLANG_WARN_NON_LITERAL_NULL_CONVERSION = YES;
				CLANG_WARN_OBJC_LITERAL_CONVERSION = YES;
				CLANG_WARN_OBJC_ROOT_CLASS = YES_ERROR;
				CLANG_WARN_RANGE_LOOP_ANALYSIS = YES;
				CLANG_WARN_STRICT_PROTOTYPES = YES;
				CLANG_WARN_SUSPICIOUS_MOVE = YES;
				CLANG_WARN_UNREACHABLE_CODE = YES;
				CLANG_WARN__DUPLICATE_METHOD_MATCH = YES;
				"CODE_SIGN_IDENTITY[sdk=iphoneos*]" = "iPhone Developer";
				COPY_PHASE_STRIP = NO;
				DEBUG_INFORMATION_FORMAT = "dwarf-with-dsym";
				ENABLE_NS_ASSERTIONS = NO;
				ENABLE_STRICT_OBJC_MSGSEND = YES;
				GCC_C_LANGUAGE_STANDARD = gnu99;
				GCC_NO_COMMON_BLOCKS = YES;
				GCC_WARN_64_TO_32_BIT_CONVERSION = YES;
				GCC_WARN_ABOUT_RETURN_TYPE = YES_ERROR;
				GCC_WARN_UNDECLARED_SELECTOR = YES;
				GCC_WARN_UNINITIALIZED_AUTOS = YES_AGGRESSIVE;
				GCC_WARN_UNUSED_FUNCTION = YES;
				GCC_WARN_UNUSED_VARIABLE = YES;
				IPHONEOS_DEPLOYMENT_TARGET = 9.0;
				MTL_ENABLE_DEBUG_INFO = NO;
				SDKROOT = iphoneos;
				TARGETED_DEVICE_FAMILY = "1,2";
				VALIDATE_PRODUCT = YES;
			};
			name = Release;
		};
		438257AF1C1A6F5F00A3DA24 /* Debug */ = {
			isa = XCBuildConfiguration;
			buildSettings = {
				ASSETCATALOG_COMPILER_APPICON_NAME = AppIcon;
				CODE_SIGN_ENTITLEMENTS = CJLabelTest/CJLabelTest.entitlements;
				CODE_SIGN_IDENTITY = "Apple Development";
				"CODE_SIGN_IDENTITY[sdk=iphoneos*]" = "iPhone Developer";
				CODE_SIGN_STYLE = Automatic;
				DEVELOPMENT_TEAM = 2G9KQAD4K5;
				FRAMEWORK_SEARCH_PATHS = (
					"$(inherited)",
					"$(PROJECT_DIR)",
					"$(PROJECT_DIR)/CJLabelTest",
				);
				INFOPLIST_FILE = CJLabelTest/Info.plist;
				IPHONEOS_DEPLOYMENT_TARGET = 8.0;
				LD_RUNPATH_SEARCH_PATHS = "$(inherited) @executable_path/Frameworks";
				OTHER_LDFLAGS = "";
				PRODUCT_BUNDLE_IDENTIFIER = Jin.Lian.Test;
				PRODUCT_NAME = "$(TARGET_NAME)";
				PROVISIONING_PROFILE_SPECIFIER = "";
			};
			name = Debug;
		};
		438257B01C1A6F5F00A3DA24 /* Release */ = {
			isa = XCBuildConfiguration;
			buildSettings = {
				ASSETCATALOG_COMPILER_APPICON_NAME = AppIcon;
				CODE_SIGN_ENTITLEMENTS = CJLabelTest/CJLabelTest.entitlements;
				CODE_SIGN_IDENTITY = "Apple Development";
				"CODE_SIGN_IDENTITY[sdk=iphoneos*]" = "iPhone Developer";
				CODE_SIGN_STYLE = Automatic;
				DEVELOPMENT_TEAM = 2G9KQAD4K5;
				FRAMEWORK_SEARCH_PATHS = (
					"$(inherited)",
					"$(PROJECT_DIR)",
					"$(PROJECT_DIR)/CJLabelTest",
				);
				INFOPLIST_FILE = CJLabelTest/Info.plist;
				IPHONEOS_DEPLOYMENT_TARGET = 8.0;
				LD_RUNPATH_SEARCH_PATHS = "$(inherited) @executable_path/Frameworks";
				OTHER_LDFLAGS = "";
				PRODUCT_BUNDLE_IDENTIFIER = Jin.Lian.Test;
				PRODUCT_NAME = "$(TARGET_NAME)";
				PROVISIONING_PROFILE_SPECIFIER = "";
			};
			name = Release;
		};
		438257B21C1A6F5F00A3DA24 /* Debug */ = {
			isa = XCBuildConfiguration;
			buildSettings = {
				BUNDLE_LOADER = "$(TEST_HOST)";
				INFOPLIST_FILE = CJLabelTestTests/Info.plist;
				LD_RUNPATH_SEARCH_PATHS = "$(inherited) @executable_path/Frameworks @loader_path/Frameworks";
				PRODUCT_BUNDLE_IDENTIFIER = cj.CJLabelTestTests;
				PRODUCT_NAME = "$(TARGET_NAME)";
				TEST_HOST = "$(BUILT_PRODUCTS_DIR)/CJLabelTest.app/CJLabelTest";
			};
			name = Debug;
		};
		438257B31C1A6F5F00A3DA24 /* Release */ = {
			isa = XCBuildConfiguration;
			buildSettings = {
				BUNDLE_LOADER = "$(TEST_HOST)";
				INFOPLIST_FILE = CJLabelTestTests/Info.plist;
				LD_RUNPATH_SEARCH_PATHS = "$(inherited) @executable_path/Frameworks @loader_path/Frameworks";
				PRODUCT_BUNDLE_IDENTIFIER = cj.CJLabelTestTests;
				PRODUCT_NAME = "$(TARGET_NAME)";
				TEST_HOST = "$(BUILT_PRODUCTS_DIR)/CJLabelTest.app/CJLabelTest";
			};
			name = Release;
		};
		438257B51C1A6F5F00A3DA24 /* Debug */ = {
			isa = XCBuildConfiguration;
			buildSettings = {
				INFOPLIST_FILE = CJLabelTestUITests/Info.plist;
				LD_RUNPATH_SEARCH_PATHS = "$(inherited) @executable_path/Frameworks @loader_path/Frameworks";
				PRODUCT_BUNDLE_IDENTIFIER = cj.CJLabelTestUITests;
				PRODUCT_NAME = "$(TARGET_NAME)";
				TEST_TARGET_NAME = CJLabelTest;
				USES_XCTRUNNER = YES;
			};
			name = Debug;
		};
		438257B61C1A6F5F00A3DA24 /* Release */ = {
			isa = XCBuildConfiguration;
			buildSettings = {
				INFOPLIST_FILE = CJLabelTestUITests/Info.plist;
				LD_RUNPATH_SEARCH_PATHS = "$(inherited) @executable_path/Frameworks @loader_path/Frameworks";
				PRODUCT_BUNDLE_IDENTIFIER = cj.CJLabelTestUITests;
				PRODUCT_NAME = "$(TARGET_NAME)";
				TEST_TARGET_NAME = CJLabelTest;
				USES_XCTRUNNER = YES;
			};
			name = Release;
		};
/* End XCBuildConfiguration section */

/* Begin XCConfigurationList section */
		4382577C1C1A6F5F00A3DA24 /* Build configuration list for PBXProject "CJLabelTest" */ = {
			isa = XCConfigurationList;
			buildConfigurations = (
				438257AC1C1A6F5F00A3DA24 /* Debug */,
				438257AD1C1A6F5F00A3DA24 /* Release */,
			);
			defaultConfigurationIsVisible = 0;
			defaultConfigurationName = Release;
		};
		438257AE1C1A6F5F00A3DA24 /* Build configuration list for PBXNativeTarget "CJLabelTest" */ = {
			isa = XCConfigurationList;
			buildConfigurations = (
				438257AF1C1A6F5F00A3DA24 /* Debug */,
				438257B01C1A6F5F00A3DA24 /* Release */,
			);
			defaultConfigurationIsVisible = 0;
			defaultConfigurationName = Release;
		};
		438257B11C1A6F5F00A3DA24 /* Build configuration list for PBXNativeTarget "CJLabelTestTests" */ = {
			isa = XCConfigurationList;
			buildConfigurations = (
				438257B21C1A6F5F00A3DA24 /* Debug */,
				438257B31C1A6F5F00A3DA24 /* Release */,
			);
			defaultConfigurationIsVisible = 0;
			defaultConfigurationName = Release;
		};
		438257B41C1A6F5F00A3DA24 /* Build configuration list for PBXNativeTarget "CJLabelTestUITests" */ = {
			isa = XCConfigurationList;
			buildConfigurations = (
				438257B51C1A6F5F00A3DA24 /* Debug */,
				438257B61C1A6F5F00A3DA24 /* Release */,
			);
			defaultConfigurationIsVisible = 0;
			defaultConfigurationName = Release;
		};
/* End XCConfigurationList section */
	};
	rootObject = 438257791C1A6F5F00A3DA24 /* Project object */;
}
